
Microsoft Visual Studio Solution File, Format Version 12.00
# Visual Studio 15
VisualStudioVersion = 15.0.27130.2036
MinimumVisualStudioVersion = 10.0.40219.1
Project("{F184B08F-C81C-45F6-A57F-5ABD9991F28F}") = "TLOMN Launcher Test", "TLOMN Launcher Test\TLOMN Launcher Test.vbproj", "{123D15F9-9DC1-4545-A525-F12449463A1A}"
EndProject
Global
	GlobalSection(SolutionConfigurationPlatforms) = preSolution
		Debug|Any CPU = Debug|Any CPU
		Debug|x64 = Debug|x64
		Debug|x86 = Debug|x86
		Release|Any CPU = Release|Any CPU
		Release|x64 = Release|x64
		Release|x86 = Release|x86
	EndGlobalSection
	GlobalSection(ProjectConfigurationPlatforms) = postSolution
		{123D15F9-9DC1-4545-A525-F12449463A1A}.Debug|Any CPU.ActiveCfg = Debug|Any CPU
		{123D15F9-9DC1-4545-A525-F12449463A1A}.Debug|Any CPU.Build.0 = Debug|Any CPU
		{123D15F9-9DC1-4545-A525-F12449463A1A}.Debug|x64.ActiveCfg = Debug|x64
		{123D15F9-9DC1-4545-A525-F12449463A1A}.Debug|x64.Build.0 = Debug|x64
		{123D15F9-9DC1-4545-A525-F12449463A1A}.Debug|x86.ActiveCfg = Debug|x86
		{123D15F9-9DC1-4545-A525-F12449463A1A}.Debug|x86.Build.0 = Debug|x86
		{123D15F9-9DC1-4545-A525-F12449463A1A}.Release|Any CPU.ActiveCfg = Release|Any CPU
		{123D15F9-9DC1-4545-A525-F12449463A1A}.Release|Any CPU.Build.0 = Release|Any CPU
		{123D15F9-9DC1-4545-A525-F12449463A1A}.Release|x64.ActiveCfg = Release|x64
		{123D15F9-9DC1-4545-A525-F12449463A1A}.Release|x64.Build.0 = Release|x64
		{123D15F9-9DC1-4545-A525-F12449463A1A}.Release|x86.ActiveCfg = Release|x86
		{123D15F9-9DC1-4545-A525-F12449463A1A}.Release|x86.Build.0 = Release|x86
	EndGlobalSection
	GlobalSection(SolutionProperties) = preSolution
		HideSolutionNode = FALSE
	EndGlobalSection
	GlobalSection(ExtensibilityGlobals) = postSolution
		SolutionGuid = {7C88B45D-FC3E-4536-9228-EA12A3B3CE21}
	EndGlobalSection
EndGlobal
